// !$*UTF8*$!
{
	archiveVersion = 1;
	classes = {
	};
	objectVersion = 46;
	objects = {

/* Begin PBXBuildFile section */
		750B98FE1FBD4545003DE201 /* abc.aac in Resources */ = {isa = PBXBuildFile; fileRef = 750B98FD1FBD4543003DE201 /* abc.aac */; };
		758FC6B31FBA95B500907462 /* song.txt in Resources */ = {isa = PBXBuildFile; fileRef = 758FC6B21FBA95B500907462 /* song.txt */; };
		75D7ACC81FC907CF005E25E7 /* WDAudioStreamer.m in Sources */ = {isa = PBXBuildFile; fileRef = 75D7ACA21FC907CF005E25E7 /* WDAudioStreamer.m */; };
		75D7ACC91FC907CF005E25E7 /* WDAudioFileProvider.m in Sources */ = {isa = PBXBuildFile; fileRef = 75D7ACA51FC907CF005E25E7 /* WDAudioFileProvider.m */; };
		75D7ACCA1FC907CF005E25E7 /* WDAudioLPCM.m in Sources */ = {isa = PBXBuildFile; fileRef = 75D7ACA91FC907CF005E25E7 /* WDAudioLPCM.m */; };
		75D7ACCB1FC907CF005E25E7 /* WDAudioEventLoop.m in Sources */ = {isa = PBXBuildFile; fileRef = 75D7ACAA1FC907CF005E25E7 /* WDAudioEventLoop.m */; };
		75D7ACCC1FC907CF005E25E7 /* NSData+WDMappedFile.m in Sources */ = {isa = PBXBuildFile; fileRef = 75D7ACAD1FC907CF005E25E7 /* NSData+WDMappedFile.m */; };
		75D7ACCD1FC907CF005E25E7 /* WDAudioVisualizer.m in Sources */ = {isa = PBXBuildFile; fileRef = 75D7ACB11FC907CF005E25E7 /* WDAudioVisualizer.m */; };
		75D7ACCE1FC907CF005E25E7 /* WDAudioAnalyzer.m in Sources */ = {isa = PBXBuildFile; fileRef = 75D7ACB41FC907CF005E25E7 /* WDAudioAnalyzer.m */; };
		75D7ACCF1FC907CF005E25E7 /* WDSimpleHTTPRequest.m in Sources */ = {isa = PBXBuildFile; fileRef = 75D7ACB51FC907CF005E25E7 /* WDSimpleHTTPRequest.m */; };
		75D7ACD01FC907CF005E25E7 /* WDEAGLView.m in Sources */ = {isa = PBXBuildFile; fileRef = 75D7ACB71FC907CF005E25E7 /* WDEAGLView.m */; };
		75D7ACD11FC907CF005E25E7 /* WDAudioFrequencyAnalyzer.m in Sources */ = {isa = PBXBuildFile; fileRef = 75D7ACB81FC907CF005E25E7 /* WDAudioFrequencyAnalyzer.m */; };
		75D7ACD21FC907CF005E25E7 /* WDAudioSpatialAnalyzer.m in Sources */ = {isa = PBXBuildFile; fileRef = 75D7ACBB1FC907CF005E25E7 /* WDAudioSpatialAnalyzer.m */; };
		75D7ACD31FC907CF005E25E7 /* WDAudioFilePreprocessor.m in Sources */ = {isa = PBXBuildFile; fileRef = 75D7ACBC1FC907CF005E25E7 /* WDAudioFilePreprocessor.m */; };
		75D7ACD41FC907CF005E25E7 /* WDAudioRenderer.m in Sources */ = {isa = PBXBuildFile; fileRef = 75D7ACBE1FC907CF005E25E7 /* WDAudioRenderer.m */; };
		75D7ACD51FC907CF005E25E7 /* WDAudioPlaybackItem.m in Sources */ = {isa = PBXBuildFile; fileRef = 75D7ACC11FC907CF005E25E7 /* WDAudioPlaybackItem.m */; };
		75D7ACD61FC907CF005E25E7 /* WDAudioAnalyzer+Default.m in Sources */ = {isa = PBXBuildFile; fileRef = 75D7ACC31FC907CF005E25E7 /* WDAudioAnalyzer+Default.m */; };
		75D7ACD71FC907CF005E25E7 /* WDAudioDecoder.m in Sources */ = {isa = PBXBuildFile; fileRef = 75D7ACC41FC907CF005E25E7 /* WDAudioDecoder.m */; };
		75D7ACD81FC907CF005E25E7 /* WDMPMediaLibraryAssetLoader.m in Sources */ = {isa = PBXBuildFile; fileRef = 75D7ACC61FC907CF005E25E7 /* WDMPMediaLibraryAssetLoader.m */; };
		75D7ACD91FC907CF005E25E7 /* WDAudioStreamer+Options.m in Sources */ = {isa = PBXBuildFile; fileRef = 75D7ACC71FC907CF005E25E7 /* WDAudioStreamer+Options.m */; };
		D400E947171BF13F00BE7F37 /* Accelerate.framework in Frameworks */ = {isa = PBXBuildFile; fileRef = D400E946171BF13F00BE7F37 /* Accelerate.framework */; };
		D42DA81017865EE4007276E5 /* QuartzCore.framework in Frameworks */ = {isa = PBXBuildFile; fileRef = D42DA80F17865EE4007276E5 /* QuartzCore.framework */; };
		D42DA81217865EE9007276E5 /* OpenGLES.framework in Frameworks */ = {isa = PBXBuildFile; fileRef = D42DA81117865EE9007276E5 /* OpenGLES.framework */; };
		D4632A6F17AE27E30065ECDE /* MobileCoreServices.framework in Frameworks */ = {isa = PBXBuildFile; fileRef = D4632A6E17AE27E30065ECDE /* MobileCoreServices.framework */; };
		D4C38923171B9D87009D6124 /* UIKit.framework in Frameworks */ = {isa = PBXBuildFile; fileRef = D4C38922171B9D87009D6124 /* UIKit.framework */; };
		D4C38925171B9D87009D6124 /* Foundation.framework in Frameworks */ = {isa = PBXBuildFile; fileRef = D4C38924171B9D87009D6124 /* Foundation.framework */; };
		D4C38927171B9D87009D6124 /* CoreGraphics.framework in Frameworks */ = {isa = PBXBuildFile; fileRef = D4C38926171B9D87009D6124 /* CoreGraphics.framework */; };
		D4C3892D171B9D87009D6124 /* InfoPlist.strings in Resources */ = {isa = PBXBuildFile; fileRef = D4C3892B171B9D87009D6124 /* InfoPlist.strings */; };
		D4C3892F171B9D87009D6124 /* main.m in Sources */ = {isa = PBXBuildFile; fileRef = D4C3892E171B9D87009D6124 /* main.m */; };
		D4C38933171B9D87009D6124 /* AppDelegate.m in Sources */ = {isa = PBXBuildFile; fileRef = D4C38932171B9D87009D6124 /* AppDelegate.m */; };
		D4C38935171B9D87009D6124 /* Default.png in Resources */ = {isa = PBXBuildFile; fileRef = D4C38934171B9D87009D6124 /* Default.png */; };
		D4C38937171B9D87009D6124 /* Default@2x.png in Resources */ = {isa = PBXBuildFile; fileRef = D4C38936171B9D87009D6124 /* Default@2x.png */; };
		D4C38939171B9D87009D6124 /* Default-568h@2x.png in Resources */ = {isa = PBXBuildFile; fileRef = D4C38938171B9D87009D6124 /* Default-568h@2x.png */; };
		D4C38948171B9E36009D6124 /* AudioToolbox.framework in Frameworks */ = {isa = PBXBuildFile; fileRef = D4C38947171B9E36009D6124 /* AudioToolbox.framework */; };
		D4C3894A171B9E3A009D6124 /* CoreAudio.framework in Frameworks */ = {isa = PBXBuildFile; fileRef = D4C38949171B9E3A009D6124 /* CoreAudio.framework */; };
		D4C3894C171B9E3D009D6124 /* CFNetwork.framework in Frameworks */ = {isa = PBXBuildFile; fileRef = D4C3894B171B9E3D009D6124 /* CFNetwork.framework */; };
		D4F5B28D18A5F0C70063865C /* Track.m in Sources */ = {isa = PBXBuildFile; fileRef = D4F5B28C18A5F0C70063865C /* Track.m */; };
		D4F5B29018A5F1B70063865C /* Track+Provider.m in Sources */ = {isa = PBXBuildFile; fileRef = D4F5B28F18A5F1B70063865C /* Track+Provider.m */; };
		D4F5B29318A5F3030063865C /* MainViewController.m in Sources */ = {isa = PBXBuildFile; fileRef = D4F5B29218A5F3030063865C /* MainViewController.m */; };
		D4F5B29618A5F6B90063865C /* PlayerViewController.m in Sources */ = {isa = PBXBuildFile; fileRef = D4F5B29518A5F6B90063865C /* PlayerViewController.m */; };
		D4F5B29818A605A70063865C /* AVFoundation.framework in Frameworks */ = {isa = PBXBuildFile; fileRef = D4F5B29718A605A70063865C /* AVFoundation.framework */; };
		D4F5B29A18A605AB0063865C /* MediaPlayer.framework in Frameworks */ = {isa = PBXBuildFile; fileRef = D4F5B29918A605AB0063865C /* MediaPlayer.framework */; };
/* End PBXBuildFile section */

/* Begin PBXFileReference section */
		750B98FD1FBD4543003DE201 /* abc.aac */ = {isa = PBXFileReference; lastKnownFileType = file; path = abc.aac; sourceTree = "<group>"; };
		758FC6B21FBA95B500907462 /* song.txt */ = {isa = PBXFileReference; lastKnownFileType = text; path = song.txt; sourceTree = "<group>"; };
		75D7ACA01FC907CF005E25E7 /* WDAudioFilePreprocessor.h */ = {isa = PBXFileReference; fileEncoding = 4; lastKnownFileType = sourcecode.c.h; path = WDAudioFilePreprocessor.h; sourceTree = "<group>"; };
		75D7ACA11FC907CF005E25E7 /* WDAudioSpatialAnalyzer.h */ = {isa = PBXFileReference; fileEncoding = 4; lastKnownFileType = sourcecode.c.h; path = WDAudioSpatialAnalyzer.h; sourceTree = "<group>"; };
		75D7ACA21FC907CF005E25E7 /* WDAudioStreamer.m */ = {isa = PBXFileReference; fileEncoding = 4; lastKnownFileType = sourcecode.c.objc; path = WDAudioStreamer.m; sourceTree = "<group>"; };
		75D7ACA31FC907CF005E25E7 /* WDAudioFrequencyAnalyzer.h */ = {isa = PBXFileReference; fileEncoding = 4; lastKnownFileType = sourcecode.c.h; path = WDAudioFrequencyAnalyzer.h; sourceTree = "<group>"; };
		75D7ACA41FC907CF005E25E7 /* WDEAGLView.h */ = {isa = PBXFileReference; fileEncoding = 4; lastKnownFileType = sourcecode.c.h; path = WDEAGLView.h; sourceTree = "<group>"; };
		75D7ACA51FC907CF005E25E7 /* WDAudioFileProvider.m */ = {isa = PBXFileReference; fileEncoding = 4; lastKnownFileType = sourcecode.c.objc; path = WDAudioFileProvider.m; sourceTree = "<group>"; };
		75D7ACA61FC907CF005E25E7 /* WDAudioAnalyzer.h */ = {isa = PBXFileReference; fileEncoding = 4; lastKnownFileType = sourcecode.c.h; path = WDAudioAnalyzer.h; sourceTree = "<group>"; };
		75D7ACA71FC907CF005E25E7 /* WDSimpleHTTPRequest.h */ = {isa = PBXFileReference; fileEncoding = 4; lastKnownFileType = sourcecode.c.h; path = WDSimpleHTTPRequest.h; sourceTree = "<group>"; };
		75D7ACA81FC907CF005E25E7 /* WDAudioPlaybackItem.h */ = {isa = PBXFileReference; fileEncoding = 4; lastKnownFileType = sourcecode.c.h; path = WDAudioPlaybackItem.h; sourceTree = "<group>"; };
		75D7ACA91FC907CF005E25E7 /* WDAudioLPCM.m */ = {isa = PBXFileReference; fileEncoding = 4; lastKnownFileType = sourcecode.c.objc; path = WDAudioLPCM.m; sourceTree = "<group>"; };
		75D7ACAA1FC907CF005E25E7 /* WDAudioEventLoop.m */ = {isa = PBXFileReference; fileEncoding = 4; lastKnownFileType = sourcecode.c.objc; path = WDAudioEventLoop.m; sourceTree = "<group>"; };
		75D7ACAB1FC907CF005E25E7 /* WDAudioStreamer_Private.h */ = {isa = PBXFileReference; fileEncoding = 4; lastKnownFileType = sourcecode.c.h; path = WDAudioStreamer_Private.h; sourceTree = "<group>"; };
		75D7ACAC1FC907CF005E25E7 /* WDAudioRenderer.h */ = {isa = PBXFileReference; fileEncoding = 4; lastKnownFileType = sourcecode.c.h; path = WDAudioRenderer.h; sourceTree = "<group>"; };
		75D7ACAD1FC907CF005E25E7 /* NSData+WDMappedFile.m */ = {isa = PBXFileReference; fileEncoding = 4; lastKnownFileType = sourcecode.c.objc; path = "NSData+WDMappedFile.m"; sourceTree = "<group>"; };
		75D7ACAE1FC907CF005E25E7 /* WDAudioBase.h */ = {isa = PBXFileReference; fileEncoding = 4; lastKnownFileType = sourcecode.c.h; path = WDAudioBase.h; sourceTree = "<group>"; };
		75D7ACAF1FC907CF005E25E7 /* WDAudioDecoder.h */ = {isa = PBXFileReference; fileEncoding = 4; lastKnownFileType = sourcecode.c.h; path = WDAudioDecoder.h; sourceTree = "<group>"; };
		75D7ACB01FC907CF005E25E7 /* WDAudioAnalyzer+Default.h */ = {isa = PBXFileReference; fileEncoding = 4; lastKnownFileType = sourcecode.c.h; path = "WDAudioAnalyzer+Default.h"; sourceTree = "<group>"; };
		75D7ACB11FC907CF005E25E7 /* WDAudioVisualizer.m */ = {isa = PBXFileReference; fileEncoding = 4; lastKnownFileType = sourcecode.c.objc; path = WDAudioVisualizer.m; sourceTree = "<group>"; };
		75D7ACB21FC907CF005E25E7 /* WDAudioStreamer+Options.h */ = {isa = PBXFileReference; fileEncoding = 4; lastKnownFileType = sourcecode.c.h; path = "WDAudioStreamer+Options.h"; sourceTree = "<group>"; };
		75D7ACB31FC907CF005E25E7 /* WDMPMediaLibraryAssetLoader.h */ = {isa = PBXFileReference; fileEncoding = 4; lastKnownFileType = sourcecode.c.h; path = WDMPMediaLibraryAssetLoader.h; sourceTree = "<group>"; };
		75D7ACB41FC907CF005E25E7 /* WDAudioAnalyzer.m */ = {isa = PBXFileReference; fileEncoding = 4; lastKnownFileType = sourcecode.c.objc; path = WDAudioAnalyzer.m; sourceTree = "<group>"; };
		75D7ACB51FC907CF005E25E7 /* WDSimpleHTTPRequest.m */ = {isa = PBXFileReference; fileEncoding = 4; lastKnownFileType = sourcecode.c.objc; path = WDSimpleHTTPRequest.m; sourceTree = "<group>"; };
		75D7ACB61FC907CF005E25E7 /* WDAudioFileProvider.h */ = {isa = PBXFileReference; fileEncoding = 4; lastKnownFileType = sourcecode.c.h; path = WDAudioFileProvider.h; sourceTree = "<group>"; };
		75D7ACB71FC907CF005E25E7 /* WDEAGLView.m */ = {isa = PBXFileReference; fileEncoding = 4; lastKnownFileType = sourcecode.c.objc; path = WDEAGLView.m; sourceTree = "<group>"; };
		75D7ACB81FC907CF005E25E7 /* WDAudioFrequencyAnalyzer.m */ = {isa = PBXFileReference; fileEncoding = 4; lastKnownFileType = sourcecode.c.objc; path = WDAudioFrequencyAnalyzer.m; sourceTree = "<group>"; };
		75D7ACB91FC907CF005E25E7 /* WDAudioAnalyzer_Private.h */ = {isa = PBXFileReference; fileEncoding = 4; lastKnownFileType = sourcecode.c.h; path = WDAudioAnalyzer_Private.h; sourceTree = "<group>"; };
		75D7ACBA1FC907CF005E25E7 /* WDAudioStreamer.h */ = {isa = PBXFileReference; fileEncoding = 4; lastKnownFileType = sourcecode.c.h; path = WDAudioStreamer.h; sourceTree = "<group>"; };
		75D7ACBB1FC907CF005E25E7 /* WDAudioSpatialAnalyzer.m */ = {isa = PBXFileReference; fileEncoding = 4; lastKnownFileType = sourcecode.c.objc; path = WDAudioSpatialAnalyzer.m; sourceTree = "<group>"; };
		75D7ACBC1FC907CF005E25E7 /* WDAudioFilePreprocessor.m */ = {isa = PBXFileReference; fileEncoding = 4; lastKnownFileType = sourcecode.c.objc; path = WDAudioFilePreprocessor.m; sourceTree = "<group>"; };
		75D7ACBD1FC907CF005E25E7 /* NSData+WDMappedFile.h */ = {isa = PBXFileReference; fileEncoding = 4; lastKnownFileType = sourcecode.c.h; path = "NSData+WDMappedFile.h"; sourceTree = "<group>"; };
		75D7ACBE1FC907CF005E25E7 /* WDAudioRenderer.m */ = {isa = PBXFileReference; fileEncoding = 4; lastKnownFileType = sourcecode.c.objc; path = WDAudioRenderer.m; sourceTree = "<group>"; };
		75D7ACBF1FC907CF005E25E7 /* WDAudioEventLoop.h */ = {isa = PBXFileReference; fileEncoding = 4; lastKnownFileType = sourcecode.c.h; path = WDAudioEventLoop.h; sourceTree = "<group>"; };
		75D7ACC01FC907CF005E25E7 /* WDAudioLPCM.h */ = {isa = PBXFileReference; fileEncoding = 4; lastKnownFileType = sourcecode.c.h; path = WDAudioLPCM.h; sourceTree = "<group>"; };
		75D7ACC11FC907CF005E25E7 /* WDAudioPlaybackItem.m */ = {isa = PBXFileReference; fileEncoding = 4; lastKnownFileType = sourcecode.c.objc; path = WDAudioPlaybackItem.m; sourceTree = "<group>"; };
		75D7ACC21FC907CF005E25E7 /* WDAudioVisualizer.h */ = {isa = PBXFileReference; fileEncoding = 4; lastKnownFileType = sourcecode.c.h; path = WDAudioVisualizer.h; sourceTree = "<group>"; };
		75D7ACC31FC907CF005E25E7 /* WDAudioAnalyzer+Default.m */ = {isa = PBXFileReference; fileEncoding = 4; lastKnownFileType = sourcecode.c.objc; path = "WDAudioAnalyzer+Default.m"; sourceTree = "<group>"; };
		75D7ACC41FC907CF005E25E7 /* WDAudioDecoder.m */ = {isa = PBXFileReference; fileEncoding = 4; lastKnownFileType = sourcecode.c.objc; path = WDAudioDecoder.m; sourceTree = "<group>"; };
		75D7ACC51FC907CF005E25E7 /* WDAudioFile.h */ = {isa = PBXFileReference; fileEncoding = 4; lastKnownFileType = sourcecode.c.h; path = WDAudioFile.h; sourceTree = "<group>"; };
		75D7ACC61FC907CF005E25E7 /* WDMPMediaLibraryAssetLoader.m */ = {isa = PBXFileReference; fileEncoding = 4; lastKnownFileType = sourcecode.c.objc; path = WDMPMediaLibraryAssetLoader.m; sourceTree = "<group>"; };
		75D7ACC71FC907CF005E25E7 /* WDAudioStreamer+Options.m */ = {isa = PBXFileReference; fileEncoding = 4; lastKnownFileType = sourcecode.c.objc; path = "WDAudioStreamer+Options.m"; sourceTree = "<group>"; };
		D400E946171BF13F00BE7F37 /* Accelerate.framework */ = {isa = PBXFileReference; lastKnownFileType = wrapper.framework; name = Accelerate.framework; path = System/Library/Frameworks/Accelerate.framework; sourceTree = SDKROOT; };
		D42DA80F17865EE4007276E5 /* QuartzCore.framework */ = {isa = PBXFileReference; lastKnownFileType = wrapper.framework; name = QuartzCore.framework; path = System/Library/Frameworks/QuartzCore.framework; sourceTree = SDKROOT; };
		D42DA81117865EE9007276E5 /* OpenGLES.framework */ = {isa = PBXFileReference; lastKnownFileType = wrapper.framework; name = OpenGLES.framework; path = System/Library/Frameworks/OpenGLES.framework; sourceTree = SDKROOT; };
		D4632A6E17AE27E30065ECDE /* MobileCoreServices.framework */ = {isa = PBXFileReference; lastKnownFileType = wrapper.framework; name = MobileCoreServices.framework; path = System/Library/Frameworks/MobileCoreServices.framework; sourceTree = SDKROOT; };
		D4C3891F171B9D87009D6124 /* WDASDemo.app */ = {isa = PBXFileReference; explicitFileType = wrapper.application; includeInIndex = 0; path = WDASDemo.app; sourceTree = BUILT_PRODUCTS_DIR; };
		D4C38922171B9D87009D6124 /* UIKit.framework */ = {isa = PBXFileReference; lastKnownFileType = wrapper.framework; name = UIKit.framework; path = System/Library/Frameworks/UIKit.framework; sourceTree = SDKROOT; };
		D4C38924171B9D87009D6124 /* Foundation.framework */ = {isa = PBXFileReference; lastKnownFileType = wrapper.framework; name = Foundation.framework; path = System/Library/Frameworks/Foundation.framework; sourceTree = SDKROOT; };
		D4C38926171B9D87009D6124 /* CoreGraphics.framework */ = {isa = PBXFileReference; lastKnownFileType = wrapper.framework; name = CoreGraphics.framework; path = System/Library/Frameworks/CoreGraphics.framework; sourceTree = SDKROOT; };
		D4C3892A171B9D87009D6124 /* WDASDemo-Info.plist */ = {isa = PBXFileReference; lastKnownFileType = text.plist.xml; path = "WDASDemo-Info.plist"; sourceTree = "<group>"; };
		D4C3892C171B9D87009D6124 /* en */ = {isa = PBXFileReference; lastKnownFileType = text.plist.strings; name = en; path = en.lproj/InfoPlist.strings; sourceTree = "<group>"; };
		D4C3892E171B9D87009D6124 /* main.m */ = {isa = PBXFileReference; lastKnownFileType = sourcecode.c.objc; path = main.m; sourceTree = "<group>"; };
		D4C38930171B9D87009D6124 /* WDASDemo-Prefix.pch */ = {isa = PBXFileReference; lastKnownFileType = sourcecode.c.h; path = "WDASDemo-Prefix.pch"; sourceTree = "<group>"; };
		D4C38931171B9D87009D6124 /* AppDelegate.h */ = {isa = PBXFileReference; lastKnownFileType = sourcecode.c.h; path = AppDelegate.h; sourceTree = "<group>"; };
		D4C38932171B9D87009D6124 /* AppDelegate.m */ = {isa = PBXFileReference; lastKnownFileType = sourcecode.c.objc; path = AppDelegate.m; sourceTree = "<group>"; };
		D4C38934171B9D87009D6124 /* Default.png */ = {isa = PBXFileReference; lastKnownFileType = image.png; path = Default.png; sourceTree = "<group>"; };
		D4C38936171B9D87009D6124 /* Default@2x.png */ = {isa = PBXFileReference; lastKnownFileType = image.png; path = "Default@2x.png"; sourceTree = "<group>"; };
		D4C38938171B9D87009D6124 /* Default-568h@2x.png */ = {isa = PBXFileReference; lastKnownFileType = image.png; path = "Default-568h@2x.png"; sourceTree = "<group>"; };
		D4C38947171B9E36009D6124 /* AudioToolbox.framework */ = {isa = PBXFileReference; lastKnownFileType = wrapper.framework; name = AudioToolbox.framework; path = System/Library/Frameworks/AudioToolbox.framework; sourceTree = SDKROOT; };
		D4C38949171B9E3A009D6124 /* CoreAudio.framework */ = {isa = PBXFileReference; lastKnownFileType = wrapper.framework; name = CoreAudio.framework; path = System/Library/Frameworks/CoreAudio.framework; sourceTree = SDKROOT; };
		D4C3894B171B9E3D009D6124 /* CFNetwork.framework */ = {isa = PBXFileReference; lastKnownFileType = wrapper.framework; name = CFNetwork.framework; path = System/Library/Frameworks/CFNetwork.framework; sourceTree = SDKROOT; };
		D4F5B28B18A5F0C70063865C /* Track.h */ = {isa = PBXFileReference; fileEncoding = 4; lastKnownFileType = sourcecode.c.h; path = Track.h; sourceTree = "<group>"; };
		D4F5B28C18A5F0C70063865C /* Track.m */ = {isa = PBXFileReference; fileEncoding = 4; lastKnownFileType = sourcecode.c.objc; path = Track.m; sourceTree = "<group>"; };
		D4F5B28E18A5F1B70063865C /* Track+Provider.h */ = {isa = PBXFileReference; fileEncoding = 4; lastKnownFileType = sourcecode.c.h; path = "Track+Provider.h"; sourceTree = "<group>"; };
		D4F5B28F18A5F1B70063865C /* Track+Provider.m */ = {isa = PBXFileReference; fileEncoding = 4; lastKnownFileType = sourcecode.c.objc; path = "Track+Provider.m"; sourceTree = "<group>"; };
		D4F5B29118A5F3030063865C /* MainViewController.h */ = {isa = PBXFileReference; fileEncoding = 4; lastKnownFileType = sourcecode.c.h; path = MainViewController.h; sourceTree = "<group>"; };
		D4F5B29218A5F3030063865C /* MainViewController.m */ = {isa = PBXFileReference; fileEncoding = 4; lastKnownFileType = sourcecode.c.objc; path = MainViewController.m; sourceTree = "<group>"; };
		D4F5B29418A5F6B90063865C /* PlayerViewController.h */ = {isa = PBXFileReference; fileEncoding = 4; lastKnownFileType = sourcecode.c.h; path = PlayerViewController.h; sourceTree = "<group>"; };
		D4F5B29518A5F6B90063865C /* PlayerViewController.m */ = {isa = PBXFileReference; fileEncoding = 4; lastKnownFileType = sourcecode.c.objc; path = PlayerViewController.m; sourceTree = "<group>"; };
		D4F5B29718A605A70063865C /* AVFoundation.framework */ = {isa = PBXFileReference; lastKnownFileType = wrapper.framework; name = AVFoundation.framework; path = System/Library/Frameworks/AVFoundation.framework; sourceTree = SDKROOT; };
		D4F5B29918A605AB0063865C /* MediaPlayer.framework */ = {isa = PBXFileReference; lastKnownFileType = wrapper.framework; name = MediaPlayer.framework; path = System/Library/Frameworks/MediaPlayer.framework; sourceTree = SDKROOT; };
/* End PBXFileReference section */

/* Begin PBXFrameworksBuildPhase section */
		D4C3891C171B9D87009D6124 /* Frameworks */ = {
			isa = PBXFrameworksBuildPhase;
			buildActionMask = 2147483647;
			files = (
				D4F5B29A18A605AB0063865C /* MediaPlayer.framework in Frameworks */,
				D4F5B29818A605A70063865C /* AVFoundation.framework in Frameworks */,
				D4632A6F17AE27E30065ECDE /* MobileCoreServices.framework in Frameworks */,
				D42DA81217865EE9007276E5 /* OpenGLES.framework in Frameworks */,
				D42DA81017865EE4007276E5 /* QuartzCore.framework in Frameworks */,
				D400E947171BF13F00BE7F37 /* Accelerate.framework in Frameworks */,
				D4C3894C171B9E3D009D6124 /* CFNetwork.framework in Frameworks */,
				D4C3894A171B9E3A009D6124 /* CoreAudio.framework in Frameworks */,
				D4C38948171B9E36009D6124 /* AudioToolbox.framework in Frameworks */,
				D4C38923171B9D87009D6124 /* UIKit.framework in Frameworks */,
				D4C38925171B9D87009D6124 /* Foundation.framework in Frameworks */,
				D4C38927171B9D87009D6124 /* CoreGraphics.framework in Frameworks */,
			);
			runOnlyForDeploymentPostprocessing = 0;
		};
/* End PBXFrameworksBuildPhase section */

/* Begin PBXGroup section */
		75D7AC9F1FC907CF005E25E7 /* Audio */ = {
			isa = PBXGroup;
			children = (
				75D7ACC51FC907CF005E25E7 /* WDAudioFile.h */,
				75D7ACAE1FC907CF005E25E7 /* WDAudioBase.h */,
				75D7ACAF1FC907CF005E25E7 /* WDAudioDecoder.h */,
				75D7ACC41FC907CF005E25E7 /* WDAudioDecoder.m */,
				75D7ACAC1FC907CF005E25E7 /* WDAudioRenderer.h */,
				75D7ACBE1FC907CF005E25E7 /* WDAudioRenderer.m */,
				75D7ACC01FC907CF005E25E7 /* WDAudioLPCM.h */,
				75D7ACA91FC907CF005E25E7 /* WDAudioLPCM.m */,
				75D7ACA01FC907CF005E25E7 /* WDAudioFilePreprocessor.h */,
				75D7ACBC1FC907CF005E25E7 /* WDAudioFilePreprocessor.m */,
				75D7ACB61FC907CF005E25E7 /* WDAudioFileProvider.h */,
				75D7ACA51FC907CF005E25E7 /* WDAudioFileProvider.m */,
				75D7ACA11FC907CF005E25E7 /* WDAudioSpatialAnalyzer.h */,
				75D7ACBB1FC907CF005E25E7 /* WDAudioSpatialAnalyzer.m */,
				75D7ACA31FC907CF005E25E7 /* WDAudioFrequencyAnalyzer.h */,
				75D7ACB81FC907CF005E25E7 /* WDAudioFrequencyAnalyzer.m */,
				75D7ACB21FC907CF005E25E7 /* WDAudioStreamer+Options.h */,
				75D7ACC71FC907CF005E25E7 /* WDAudioStreamer+Options.m */,
				75D7ACAB1FC907CF005E25E7 /* WDAudioStreamer_Private.h */,
				75D7ACBA1FC907CF005E25E7 /* WDAudioStreamer.h */,
				75D7ACA21FC907CF005E25E7 /* WDAudioStreamer.m */,
				75D7ACA41FC907CF005E25E7 /* WDEAGLView.h */,
				75D7ACB71FC907CF005E25E7 /* WDEAGLView.m */,
				75D7ACA61FC907CF005E25E7 /* WDAudioAnalyzer.h */,
				75D7ACB41FC907CF005E25E7 /* WDAudioAnalyzer.m */,
				75D7ACB91FC907CF005E25E7 /* WDAudioAnalyzer_Private.h */,
				75D7ACA71FC907CF005E25E7 /* WDSimpleHTTPRequest.h */,
				75D7ACB51FC907CF005E25E7 /* WDSimpleHTTPRequest.m */,
				75D7ACA81FC907CF005E25E7 /* WDAudioPlaybackItem.h */,
				75D7ACC11FC907CF005E25E7 /* WDAudioPlaybackItem.m */,
				75D7ACB01FC907CF005E25E7 /* WDAudioAnalyzer+Default.h */,
				75D7ACC31FC907CF005E25E7 /* WDAudioAnalyzer+Default.m */,
				75D7ACBF1FC907CF005E25E7 /* WDAudioEventLoop.h */,
				75D7ACAA1FC907CF005E25E7 /* WDAudioEventLoop.m */,
				75D7ACBD1FC907CF005E25E7 /* NSData+WDMappedFile.h */,
				75D7ACAD1FC907CF005E25E7 /* NSData+WDMappedFile.m */,
				75D7ACC21FC907CF005E25E7 /* WDAudioVisualizer.h */,
				75D7ACB11FC907CF005E25E7 /* WDAudioVisualizer.m */,
				75D7ACB31FC907CF005E25E7 /* WDMPMediaLibraryAssetLoader.h */,
				75D7ACC61FC907CF005E25E7 /* WDMPMediaLibraryAssetLoader.m */,
			);
			path = Audio;
			sourceTree = "<group>";
		};
		D4C38916171B9D87009D6124 = {
			isa = PBXGroup;
			children = (
				750B98FD1FBD4543003DE201 /* abc.aac */,
				D4C38928171B9D87009D6124 /* WDDemo */,
				D4C38921171B9D87009D6124 /* Frameworks */,
				D4C38920171B9D87009D6124 /* Products */,
			);
			sourceTree = "<group>";
		};
		D4C38920171B9D87009D6124 /* Products */ = {
			isa = PBXGroup;
			children = (
				D4C3891F171B9D87009D6124 /* WDASDemo.app */,
			);
			name = Products;
			sourceTree = "<group>";
		};
		D4C38921171B9D87009D6124 /* Frameworks */ = {
			isa = PBXGroup;
			children = (
				D4F5B29918A605AB0063865C /* MediaPlayer.framework */,
				D4F5B29718A605A70063865C /* AVFoundation.framework */,
				D4632A6E17AE27E30065ECDE /* MobileCoreServices.framework */,
				D42DA81117865EE9007276E5 /* OpenGLES.framework */,
				D42DA80F17865EE4007276E5 /* QuartzCore.framework */,
				D400E946171BF13F00BE7F37 /* Accelerate.framework */,
				D4C3894B171B9E3D009D6124 /* CFNetwork.framework */,
				D4C38949171B9E3A009D6124 /* CoreAudio.framework */,
				D4C38947171B9E36009D6124 /* AudioToolbox.framework */,
				D4C38922171B9D87009D6124 /* UIKit.framework */,
				D4C38924171B9D87009D6124 /* Foundation.framework */,
				D4C38926171B9D87009D6124 /* CoreGraphics.framework */,
			);
			name = Frameworks;
			sourceTree = "<group>";
		};
		D4C38928171B9D87009D6124 /* WDDemo */ = {
			isa = PBXGroup;
			children = (
				75D7AC9F1FC907CF005E25E7 /* Audio */,
				D4C38931171B9D87009D6124 /* AppDelegate.h */,
				D4C38932171B9D87009D6124 /* AppDelegate.m */,
				D4F5B28B18A5F0C70063865C /* Track.h */,
				D4F5B28C18A5F0C70063865C /* Track.m */,
				D4F5B28E18A5F1B70063865C /* Track+Provider.h */,
				D4F5B28F18A5F1B70063865C /* Track+Provider.m */,
				D4F5B29118A5F3030063865C /* MainViewController.h */,
				758FC6B21FBA95B500907462 /* song.txt */,
				D4F5B29218A5F3030063865C /* MainViewController.m */,
				D4F5B29418A5F6B90063865C /* PlayerViewController.h */,
				D4F5B29518A5F6B90063865C /* PlayerViewController.m */,
				D4C38929171B9D87009D6124 /* Supporting Files */,
			);
			path = WDDemo;
			sourceTree = "<group>";
		};
		D4C38929171B9D87009D6124 /* Supporting Files */ = {
			isa = PBXGroup;
			children = (
				D4C3892A171B9D87009D6124 /* WDASDemo-Info.plist */,
				D4C3892B171B9D87009D6124 /* InfoPlist.strings */,
				D4C3892E171B9D87009D6124 /* main.m */,
				D4C38930171B9D87009D6124 /* WDASDemo-Prefix.pch */,
				D4C38934171B9D87009D6124 /* Default.png */,
				D4C38936171B9D87009D6124 /* Default@2x.png */,
				D4C38938171B9D87009D6124 /* Default-568h@2x.png */,
			);
			name = "Supporting Files";
			sourceTree = "<group>";
		};
/* End PBXGroup section */

/* Begin PBXNativeTarget section */
		D4C3891E171B9D87009D6124 /* WDASDemo */ = {
			isa = PBXNativeTarget;
			buildConfigurationList = D4C38942171B9D87009D6124 /* Build configuration list for PBXNativeTarget "WDASDemo" */;
			buildPhases = (
				D4C3891B171B9D87009D6124 /* Sources */,
				D4C3891C171B9D87009D6124 /* Frameworks */,
				D4C3891D171B9D87009D6124 /* Resources */,
			);
			buildRules = (
			);
			dependencies = (
			);
			name = WDASDemo;
			productName = DOUASDemo;
			productReference = D4C3891F171B9D87009D6124 /* WDASDemo.app */;
			productType = "com.apple.product-type.application";
		};
/* End PBXNativeTarget section */

/* Begin PBXProject section */
		D4C38917171B9D87009D6124 /* Project object */ = {
			isa = PBXProject;
			attributes = {
				LastUpgradeCheck = 0500;
				ORGANIZATIONNAME = "Douban Inc.";
				TargetAttributes = {
					D4C3891E171B9D87009D6124 = {
						DevelopmentTeam = TJ7XWRA893;
						ProvisioningStyle = Manual;
					};
				};
			};
			buildConfigurationList = D4C3891A171B9D87009D6124 /* Build configuration list for PBXProject "WDASDemo" */;
			compatibilityVersion = "Xcode 3.2";
			developmentRegion = English;
			hasScannedForEncodings = 0;
			knownRegions = (
				en,
			);
			mainGroup = D4C38916171B9D87009D6124;
			productRefGroup = D4C38920171B9D87009D6124 /* Products */;
			projectDirPath = "";
			projectRoot = "";
			targets = (
				D4C3891E171B9D87009D6124 /* WDASDemo */,
			);
		};
/* End PBXProject section */

/* Begin PBXResourcesBuildPhase section */
		D4C3891D171B9D87009D6124 /* Resources */ = {
			isa = PBXResourcesBuildPhase;
			buildActionMask = 2147483647;
			files = (
				750B98FE1FBD4545003DE201 /* abc.aac in Resources */,
				D4C3892D171B9D87009D6124 /* InfoPlist.strings in Resources */,
				D4C38935171B9D87009D6124 /* Default.png in Resources */,
				D4C38937171B9D87009D6124 /* Default@2x.png in Resources */,
				D4C38939171B9D87009D6124 /* Default-568h@2x.png in Resources */,
				758FC6B31FBA95B500907462 /* song.txt in Resources */,
			);
			runOnlyForDeploymentPostprocessing = 0;
		};
/* End PBXResourcesBuildPhase section */

/* Begin PBXSourcesBuildPhase section */
		D4C3891B171B9D87009D6124 /* Sources */ = {
			isa = PBXSourcesBuildPhase;
			buildActionMask = 2147483647;
			files = (
				75D7ACC91FC907CF005E25E7 /* WDAudioFileProvider.m in Sources */,
				75D7ACD01FC907CF005E25E7 /* WDEAGLView.m in Sources */,
				75D7ACD71FC907CF005E25E7 /* WDAudioDecoder.m in Sources */,
				75D7ACD91FC907CF005E25E7 /* WDAudioStreamer+Options.m in Sources */,
				D4C3892F171B9D87009D6124 /* main.m in Sources */,
				75D7ACD51FC907CF005E25E7 /* WDAudioPlaybackItem.m in Sources */,
				75D7ACD81FC907CF005E25E7 /* WDMPMediaLibraryAssetLoader.m in Sources */,
				75D7ACCC1FC907CF005E25E7 /* NSData+WDMappedFile.m in Sources */,
				D4C38933171B9D87009D6124 /* AppDelegate.m in Sources */,
				D4F5B29618A5F6B90063865C /* PlayerViewController.m in Sources */,
				75D7ACCB1FC907CF005E25E7 /* WDAudioEventLoop.m in Sources */,
				75D7ACC81FC907CF005E25E7 /* WDAudioStreamer.m in Sources */,
				75D7ACD31FC907CF005E25E7 /* WDAudioFilePreprocessor.m in Sources */,
				75D7ACD61FC907CF005E25E7 /* WDAudioAnalyzer+Default.m in Sources */,
				D4F5B29318A5F3030063865C /* MainViewController.m in Sources */,
				75D7ACCA1FC907CF005E25E7 /* WDAudioLPCM.m in Sources */,
				75D7ACD11FC907CF005E25E7 /* WDAudioFrequencyAnalyzer.m in Sources */,
				75D7ACD41FC907CF005E25E7 /* WDAudioRenderer.m in Sources */,
				75D7ACCE1FC907CF005E25E7 /* WDAudioAnalyzer.m in Sources */,
				75D7ACCD1FC907CF005E25E7 /* WDAudioVisualizer.m in Sources */,
				75D7ACD21FC907CF005E25E7 /* WDAudioSpatialAnalyzer.m in Sources */,
				D4F5B29018A5F1B70063865C /* Track+Provider.m in Sources */,
				75D7ACCF1FC907CF005E25E7 /* WDSimpleHTTPRequest.m in Sources */,
				D4F5B28D18A5F0C70063865C /* Track.m in Sources */,
			);
			runOnlyForDeploymentPostprocessing = 0;
		};
/* End PBXSourcesBuildPhase section */

/* Begin PBXVariantGroup section */
		D4C3892B171B9D87009D6124 /* InfoPlist.strings */ = {
			isa = PBXVariantGroup;
			children = (
				D4C3892C171B9D87009D6124 /* en */,
			);
			name = InfoPlist.strings;
			sourceTree = "<group>";
		};
/* End PBXVariantGroup section */

/* Begin XCBuildConfiguration section */
		D4C38940171B9D87009D6124 /* Debug */ = {
			isa = XCBuildConfiguration;
			buildSettings = {
				ALWAYS_SEARCH_USER_PATHS = NO;
				CLANG_CXX_LANGUAGE_STANDARD = "gnu++0x";
				CLANG_CXX_LIBRARY = "libc++";
				CLANG_ENABLE_OBJC_ARC = YES;
				CLANG_WARN_CONSTANT_CONVERSION = YES;
				CLANG_WARN_EMPTY_BODY = YES;
				CLANG_WARN_ENUM_CONVERSION = YES;
				CLANG_WARN_IMPLICIT_SIGN_CONVERSION = YES;
				CLANG_WARN_INT_CONVERSION = YES;
				CLANG_WARN__DUPLICATE_METHOD_MATCH = YES;
				"CODE_SIGN_IDENTITY[sdk=iphoneos*]" = "iPhone Developer";
				COPY_PHASE_STRIP = NO;
				GCC_C_LANGUAGE_STANDARD = gnu99;
				GCC_DYNAMIC_NO_PIC = NO;
				GCC_OPTIMIZATION_LEVEL = 0;
				GCC_PREPROCESSOR_DEFINITIONS = (
					"DEBUG=1",
					"$(inherited)",
				);
				GCC_SYMBOLS_PRIVATE_EXTERN = NO;
				GCC_WARN_64_TO_32_BIT_CONVERSION = YES;
				GCC_WARN_ABOUT_RETURN_TYPE = YES;
				GCC_WARN_UNINITIALIZED_AUTOS = YES;
				GCC_WARN_UNUSED_FUNCTION = YES;
				GCC_WARN_UNUSED_PARAMETER = NO;
				GCC_WARN_UNUSED_VARIABLE = YES;
				IPHONEOS_DEPLOYMENT_TARGET = 6.1;
				ONLY_ACTIVE_ARCH = YES;
				SDKROOT = iphoneos;
			};
			name = Debug;
		};
		D4C38941171B9D87009D6124 /* Release */ = {
			isa = XCBuildConfiguration;
			buildSettings = {
				ALWAYS_SEARCH_USER_PATHS = NO;
				CLANG_CXX_LANGUAGE_STANDARD = "gnu++0x";
				CLANG_CXX_LIBRARY = "libc++";
				CLANG_ENABLE_OBJC_ARC = YES;
				CLANG_WARN_CONSTANT_CONVERSION = YES;
				CLANG_WARN_EMPTY_BODY = YES;
				CLANG_WARN_ENUM_CONVERSION = YES;
				CLANG_WARN_IMPLICIT_SIGN_CONVERSION = YES;
				CLANG_WARN_INT_CONVERSION = YES;
				CLANG_WARN__DUPLICATE_METHOD_MATCH = YES;
				"CODE_SIGN_IDENTITY[sdk=iphoneos*]" = "iPhone Developer";
				COPY_PHASE_STRIP = YES;
				GCC_C_LANGUAGE_STANDARD = gnu99;
				GCC_WARN_64_TO_32_BIT_CONVERSION = YES;
				GCC_WARN_ABOUT_RETURN_TYPE = YES;
				GCC_WARN_UNINITIALIZED_AUTOS = YES;
				GCC_WARN_UNUSED_FUNCTION = YES;
				GCC_WARN_UNUSED_PARAMETER = NO;
				GCC_WARN_UNUSED_VARIABLE = YES;
				IPHONEOS_DEPLOYMENT_TARGET = 6.1;
				OTHER_CFLAGS = "-DNS_BLOCK_ASSERTIONS=1";
				SDKROOT = iphoneos;
				VALIDATE_PRODUCT = YES;
			};
			name = Release;
		};
		D4C38943171B9D87009D6124 /* Debug */ = {
			isa = XCBuildConfiguration;
			buildSettings = {
				CLANG_ENABLE_MODULES = YES;
				"CODE_SIGN_IDENTITY[sdk=iphoneos*]" = "iPhone Developer";
				CODE_SIGN_STYLE = Manual;
				DEVELOPMENT_TEAM = TJ7XWRA893;
				GCC_PRECOMPILE_PREFIX_HEADER = YES;
				GCC_PREFIX_HEADER = "WDDemo/WDASDemo-Prefix.pch";
				INFOPLIST_FILE = "$(SRCROOT)/WDDemo/WDASDemo-Info.plist";
				IPHONEOS_DEPLOYMENT_TARGET = 8.0;
				PRODUCT_BUNDLE_IDENTIFIER = com.kdyz.patient;
				PRODUCT_NAME = "$(TARGET_NAME)";
				PROVISIONING_PROFILE = "c40ec618-6547-4b6b-8056-7164e48b8416";
				PROVISIONING_PROFILE_SPECIFIER = kdyz_patient_dev;
				WRAPPER_EXTENSION = app;
			};
			name = Debug;
		};
		D4C38944171B9D87009D6124 /* Release */ = {
			isa = XCBuildConfiguration;
			buildSettings = {
				CLANG_ENABLE_MODULES = YES;
				"CODE_SIGN_IDENTITY[sdk=iphoneos*]" = "iPhone Developer";
				CODE_SIGN_STYLE = Manual;
				DEVELOPMENT_TEAM = TJ7XWRA893;
				GCC_PRECOMPILE_PREFIX_HEADER = YES;
				GCC_PREFIX_HEADER = "WDDemo/WDASDemo-Prefix.pch";
				INFOPLIST_FILE = "$(SRCROOT)/WDDemo/WDASDemo-Info.plist";
				IPHONEOS_DEPLOYMENT_TARGET = 8.0;
				PRODUCT_BUNDLE_IDENTIFIER = com.kdyz.patient;
				PRODUCT_NAME = "$(TARGET_NAME)";
				PROVISIONING_PROFILE = "c40ec618-6547-4b6b-8056-7164e48b8416";
				PROVISIONING_PROFILE_SPECIFIER = kdyz_patient_dev;
				WRAPPER_EXTENSION = app;
			};
			name = Release;
		};
/* End XCBuildConfiguration section */

/* Begin XCConfigurationList section */
		D4C3891A171B9D87009D6124 /* Build configuration list for PBXProject "WDASDemo" */ = {
			isa = XCConfigurationList;
			buildConfigurations = (
				D4C38940171B9D87009D6124 /* Debug */,
				D4C38941171B9D87009D6124 /* Release */,
			);
			defaultConfigurationIsVisible = 0;
			defaultConfigurationName = Release;
		};
		D4C38942171B9D87009D6124 /* Build configuration list for PBXNativeTarget "WDASDemo" */ = {
			isa = XCConfigurationList;
			buildConfigurations = (
				D4C38943171B9D87009D6124 /* Debug */,
				D4C38944171B9D87009D6124 /* Release */,
			);
			defaultConfigurationIsVisible = 0;
			defaultConfigurationName = Release;
		};
/* End XCConfigurationList section */
	};
	rootObject = D4C38917171B9D87009D6124 /* Project object */;
}
