// !$*UTF8*$!
{
	archiveVersion = 1;
	classes = {
	};
	objectVersion = 48;
	objects = {

/* Begin PBXBuildFile section */
		75E1C2011FC570640097DDB9 /* AppDelegate.m in Sources */ = {isa = PBXBuildFile; fileRef = 75E1C2001FC570640097DDB9 /* AppDelegate.m */; };
		75E1C2041FC570640097DDB9 /* ViewController.m in Sources */ = {isa = PBXBuildFile; fileRef = 75E1C2031FC570640097DDB9 /* ViewController.m */; };
		75E1C2071FC570640097DDB9 /* Main.storyboard in Resources */ = {isa = PBXBuildFile; fileRef = 75E1C2051FC570640097DDB9 /* Main.storyboard */; };
		75E1C2091FC570640097DDB9 /* Assets.xcassets in Resources */ = {isa = PBXBuildFile; fileRef = 75E1C2081FC570640097DDB9 /* Assets.xcassets */; };
		75E1C20C1FC570640097DDB9 /* LaunchScreen.storyboard in Resources */ = {isa = PBXBuildFile; fileRef = 75E1C20A1FC570640097DDB9 /* LaunchScreen.storyboard */; };
		75E1C20F1FC570640097DDB9 /* main.m in Sources */ = {isa = PBXBuildFile; fileRef = 75E1C20E1FC570640097DDB9 /* main.m */; };
		75E1C2191FC570640097DDB9 /* AuidoDemoTests.m in Sources */ = {isa = PBXBuildFile; fileRef = 75E1C2181FC570640097DDB9 /* AuidoDemoTests.m */; };
		75E1C2241FC570640097DDB9 /* AuidoDemoUITests.m in Sources */ = {isa = PBXBuildFile; fileRef = 75E1C2231FC570640097DDB9 /* AuidoDemoUITests.m */; };
		75E1C2591FC5785F0097DDB9 /* WDAudioSession.m in Sources */ = {isa = PBXBuildFile; fileRef = 75E1C24B1FC5785F0097DDB9 /* WDAudioSession.m */; };
		75E1C25A1FC5785F0097DDB9 /* WDAuidoEncoder.m in Sources */ = {isa = PBXBuildFile; fileRef = 75E1C24E1FC5785F0097DDB9 /* WDAuidoEncoder.m */; };
		75E1C25B1FC5785F0097DDB9 /* WDAudioPlayerItem.m in Sources */ = {isa = PBXBuildFile; fileRef = 75E1C2501FC5785F0097DDB9 /* WDAudioPlayerItem.m */; };
		75E1C25C1FC5785F0097DDB9 /* WDRecoarderSetting.m in Sources */ = {isa = PBXBuildFile; fileRef = 75E1C2521FC5785F0097DDB9 /* WDRecoarderSetting.m */; };
		75E1C25D1FC5785F0097DDB9 /* WDAudioPlayer.m in Sources */ = {isa = PBXBuildFile; fileRef = 75E1C2551FC5785F0097DDB9 /* WDAudioPlayer.m */; };
		75E1C25E1FC5785F0097DDB9 /* WDAudioDecoder.m in Sources */ = {isa = PBXBuildFile; fileRef = 75E1C2571FC5785F0097DDB9 /* WDAudioDecoder.m */; };
		75E1C25F1FC5785F0097DDB9 /* WDRecoder.m in Sources */ = {isa = PBXBuildFile; fileRef = 75E1C2581FC5785F0097DDB9 /* WDRecoder.m */; };
		75E1C2621FC578CB0097DDB9 /* WDAudioStreamer.m in Sources */ = {isa = PBXBuildFile; fileRef = 75E1C2611FC578CB0097DDB9 /* WDAudioStreamer.m */; };
/* End PBXBuildFile section */

/* Begin PBXContainerItemProxy section */
		75E1C2151FC570640097DDB9 /* PBXContainerItemProxy */ = {
			isa = PBXContainerItemProxy;
			containerPortal = 75E1C1F41FC570640097DDB9 /* Project object */;
			proxyType = 1;
			remoteGlobalIDString = 75E1C1FB1FC570640097DDB9;
			remoteInfo = AuidoDemo;
		};
		75E1C2201FC570640097DDB9 /* PBXContainerItemProxy */ = {
			isa = PBXContainerItemProxy;
			containerPortal = 75E1C1F41FC570640097DDB9 /* Project object */;
			proxyType = 1;
			remoteGlobalIDString = 75E1C1FB1FC570640097DDB9;
			remoteInfo = AuidoDemo;
		};
/* End PBXContainerItemProxy section */

/* Begin PBXFileReference section */
		75E1C1FC1FC570640097DDB9 /* AuidoDemo.app */ = {isa = PBXFileReference; explicitFileType = wrapper.application; includeInIndex = 0; path = AuidoDemo.app; sourceTree = BUILT_PRODUCTS_DIR; };
		75E1C1FF1FC570640097DDB9 /* AppDelegate.h */ = {isa = PBXFileReference; lastKnownFileType = sourcecode.c.h; path = AppDelegate.h; sourceTree = "<group>"; };
		75E1C2001FC570640097DDB9 /* AppDelegate.m */ = {isa = PBXFileReference; lastKnownFileType = sourcecode.c.objc; path = AppDelegate.m; sourceTree = "<group>"; };
		75E1C2021FC570640097DDB9 /* ViewController.h */ = {isa = PBXFileReference; lastKnownFileType = sourcecode.c.h; path = ViewController.h; sourceTree = "<group>"; };
		75E1C2031FC570640097DDB9 /* ViewController.m */ = {isa = PBXFileReference; lastKnownFileType = sourcecode.c.objc; path = ViewController.m; sourceTree = "<group>"; };
		75E1C2061FC570640097DDB9 /* Base */ = {isa = PBXFileReference; lastKnownFileType = file.storyboard; name = Base; path = Base.lproj/Main.storyboard; sourceTree = "<group>"; };
		75E1C2081FC570640097DDB9 /* Assets.xcassets */ = {isa = PBXFileReference; lastKnownFileType = folder.assetcatalog; path = Assets.xcassets; sourceTree = "<group>"; };
		75E1C20B1FC570640097DDB9 /* Base */ = {isa = PBXFileReference; lastKnownFileType = file.storyboard; name = Base; path = Base.lproj/LaunchScreen.storyboard; sourceTree = "<group>"; };
		75E1C20D1FC570640097DDB9 /* Info.plist */ = {isa = PBXFileReference; lastKnownFileType = text.plist.xml; path = Info.plist; sourceTree = "<group>"; };
		75E1C20E1FC570640097DDB9 /* main.m */ = {isa = PBXFileReference; lastKnownFileType = sourcecode.c.objc; path = main.m; sourceTree = "<group>"; };
		75E1C2141FC570640097DDB9 /* AuidoDemoTests.xctest */ = {isa = PBXFileReference; explicitFileType = wrapper.cfbundle; includeInIndex = 0; path = AuidoDemoTests.xctest; sourceTree = BUILT_PRODUCTS_DIR; };
		75E1C2181FC570640097DDB9 /* AuidoDemoTests.m */ = {isa = PBXFileReference; lastKnownFileType = sourcecode.c.objc; path = AuidoDemoTests.m; sourceTree = "<group>"; };
		75E1C21A1FC570640097DDB9 /* Info.plist */ = {isa = PBXFileReference; lastKnownFileType = text.plist.xml; path = Info.plist; sourceTree = "<group>"; };
		75E1C21F1FC570640097DDB9 /* AuidoDemoUITests.xctest */ = {isa = PBXFileReference; explicitFileType = wrapper.cfbundle; includeInIndex = 0; path = AuidoDemoUITests.xctest; sourceTree = BUILT_PRODUCTS_DIR; };
		75E1C2231FC570640097DDB9 /* AuidoDemoUITests.m */ = {isa = PBXFileReference; lastKnownFileType = sourcecode.c.objc; path = AuidoDemoUITests.m; sourceTree = "<group>"; };
		75E1C2251FC570640097DDB9 /* Info.plist */ = {isa = PBXFileReference; lastKnownFileType = text.plist.xml; path = Info.plist; sourceTree = "<group>"; };
		75E1C2411FC571FB0097DDB9 /* CoreAudio.framework */ = {isa = PBXFileReference; lastKnownFileType = wrapper.framework; name = CoreAudio.framework; path = System/Library/Frameworks/CoreAudio.framework; sourceTree = SDKROOT; };
		75E1C2421FC571FB0097DDB9 /* AudioUnit.framework */ = {isa = PBXFileReference; lastKnownFileType = wrapper.framework; name = AudioUnit.framework; path = System/Library/Frameworks/AudioUnit.framework; sourceTree = SDKROOT; };
		75E1C2431FC571FB0097DDB9 /* AudioToolbox.framework */ = {isa = PBXFileReference; lastKnownFileType = wrapper.framework; name = AudioToolbox.framework; path = System/Library/Frameworks/AudioToolbox.framework; sourceTree = SDKROOT; };
		75E1C24B1FC5785F0097DDB9 /* WDAudioSession.m */ = {isa = PBXFileReference; fileEncoding = 4; lastKnownFileType = sourcecode.c.objc; path = WDAudioSession.m; sourceTree = "<group>"; };
		75E1C24C1FC5785F0097DDB9 /* WDRecoarderSetting.h */ = {isa = PBXFileReference; fileEncoding = 4; lastKnownFileType = sourcecode.c.h; path = WDRecoarderSetting.h; sourceTree = "<group>"; };
		75E1C24D1FC5785F0097DDB9 /* WDAudioPlayer.h */ = {isa = PBXFileReference; fileEncoding = 4; lastKnownFileType = sourcecode.c.h; path = WDAudioPlayer.h; sourceTree = "<group>"; };
		75E1C24E1FC5785F0097DDB9 /* WDAuidoEncoder.m */ = {isa = PBXFileReference; fileEncoding = 4; lastKnownFileType = sourcecode.c.objc; path = WDAuidoEncoder.m; sourceTree = "<group>"; };
		75E1C24F1FC5785F0097DDB9 /* WDAudioDecoder.h */ = {isa = PBXFileReference; fileEncoding = 4; lastKnownFileType = sourcecode.c.h; path = WDAudioDecoder.h; sourceTree = "<group>"; };
		75E1C2501FC5785F0097DDB9 /* WDAudioPlayerItem.m */ = {isa = PBXFileReference; fileEncoding = 4; lastKnownFileType = sourcecode.c.objc; path = WDAudioPlayerItem.m; sourceTree = "<group>"; };
		75E1C2511FC5785F0097DDB9 /* WDRecoder.h */ = {isa = PBXFileReference; fileEncoding = 4; lastKnownFileType = sourcecode.c.h; path = WDRecoder.h; sourceTree = "<group>"; };
		75E1C2521FC5785F0097DDB9 /* WDRecoarderSetting.m */ = {isa = PBXFileReference; fileEncoding = 4; lastKnownFileType = sourcecode.c.objc; path = WDRecoarderSetting.m; sourceTree = "<group>"; };
		75E1C2531FC5785F0097DDB9 /* WDAudioSession.h */ = {isa = PBXFileReference; fileEncoding = 4; lastKnownFileType = sourcecode.c.h; path = WDAudioSession.h; sourceTree = "<group>"; };
		75E1C2541FC5785F0097DDB9 /* WDAuidoEncoder.h */ = {isa = PBXFileReference; fileEncoding = 4; lastKnownFileType = sourcecode.c.h; path = WDAuidoEncoder.h; sourceTree = "<group>"; };
		75E1C2551FC5785F0097DDB9 /* WDAudioPlayer.m */ = {isa = PBXFileReference; fileEncoding = 4; lastKnownFileType = sourcecode.c.objc; path = WDAudioPlayer.m; sourceTree = "<group>"; };
		75E1C2561FC5785F0097DDB9 /* WDAudioPlayerItem.h */ = {isa = PBXFileReference; fileEncoding = 4; lastKnownFileType = sourcecode.c.h; path = WDAudioPlayerItem.h; sourceTree = "<group>"; };
		75E1C2571FC5785F0097DDB9 /* WDAudioDecoder.m */ = {isa = PBXFileReference; fileEncoding = 4; lastKnownFileType = sourcecode.c.objc; path = WDAudioDecoder.m; sourceTree = "<group>"; };
		75E1C2581FC5785F0097DDB9 /* WDRecoder.m */ = {isa = PBXFileReference; fileEncoding = 4; lastKnownFileType = sourcecode.c.objc; path = WDRecoder.m; sourceTree = "<group>"; };
		75E1C2601FC578CB0097DDB9 /* WDAudioStreamer.h */ = {isa = PBXFileReference; lastKnownFileType = sourcecode.c.h; path = WDAudioStreamer.h; sourceTree = "<group>"; };
		75E1C2611FC578CB0097DDB9 /* WDAudioStreamer.m */ = {isa = PBXFileReference; lastKnownFileType = sourcecode.c.objc; path = WDAudioStreamer.m; sourceTree = "<group>"; };
/* End PBXFileReference section */

/* Begin PBXFrameworksBuildPhase section */
		75E1C1F91FC570640097DDB9 /* Frameworks */ = {
			isa = PBXFrameworksBuildPhase;
			buildActionMask = 2147483647;
			files = (
			);
			runOnlyForDeploymentPostprocessing = 0;
		};
		75E1C2111FC570640097DDB9 /* Frameworks */ = {
			isa = PBXFrameworksBuildPhase;
			buildActionMask = 2147483647;
			files = (
			);
			runOnlyForDeploymentPostprocessing = 0;
		};
		75E1C21C1FC570640097DDB9 /* Frameworks */ = {
			isa = PBXFrameworksBuildPhase;
			buildActionMask = 2147483647;
			files = (
			);
			runOnlyForDeploymentPostprocessing = 0;
		};
/* End PBXFrameworksBuildPhase section */

/* Begin PBXGroup section */
		75E1C1F31FC570640097DDB9 = {
			isa = PBXGroup;
			children = (
				75E1C1FE1FC570640097DDB9 /* AuidoDemo */,
				75E1C2171FC570640097DDB9 /* AuidoDemoTests */,
				75E1C2221FC570640097DDB9 /* AuidoDemoUITests */,
				75E1C1FD1FC570640097DDB9 /* Products */,
				75E1C2401FC571FB0097DDB9 /* Frameworks */,
			);
			sourceTree = "<group>";
		};
		75E1C1FD1FC570640097DDB9 /* Products */ = {
			isa = PBXGroup;
			children = (
				75E1C1FC1FC570640097DDB9 /* AuidoDemo.app */,
				75E1C2141FC570640097DDB9 /* AuidoDemoTests.xctest */,
				75E1C21F1FC570640097DDB9 /* AuidoDemoUITests.xctest */,
			);
			name = Products;
			sourceTree = "<group>";
		};
		75E1C1FE1FC570640097DDB9 /* AuidoDemo */ = {
			isa = PBXGroup;
			children = (
				75E1C24A1FC5785F0097DDB9 /* AudioTools */,
				75E1C1FF1FC570640097DDB9 /* AppDelegate.h */,
				75E1C2001FC570640097DDB9 /* AppDelegate.m */,
				75E1C2021FC570640097DDB9 /* ViewController.h */,
				75E1C2031FC570640097DDB9 /* ViewController.m */,
				75E1C2051FC570640097DDB9 /* Main.storyboard */,
				75E1C2081FC570640097DDB9 /* Assets.xcassets */,
				75E1C20A1FC570640097DDB9 /* LaunchScreen.storyboard */,
				75E1C20D1FC570640097DDB9 /* Info.plist */,
				75E1C20E1FC570640097DDB9 /* main.m */,
			);
			path = AuidoDemo;
			sourceTree = "<group>";
		};
		75E1C2171FC570640097DDB9 /* AuidoDemoTests */ = {
			isa = PBXGroup;
			children = (
				75E1C2181FC570640097DDB9 /* AuidoDemoTests.m */,
				75E1C21A1FC570640097DDB9 /* Info.plist */,
			);
			path = AuidoDemoTests;
			sourceTree = "<group>";
		};
		75E1C2221FC570640097DDB9 /* AuidoDemoUITests */ = {
			isa = PBXGroup;
			children = (
				75E1C2231FC570640097DDB9 /* AuidoDemoUITests.m */,
				75E1C2251FC570640097DDB9 /* Info.plist */,
			);
			path = AuidoDemoUITests;
			sourceTree = "<group>";
		};
		75E1C2401FC571FB0097DDB9 /* Frameworks */ = {
			isa = PBXGroup;
			children = (
				75E1C2431FC571FB0097DDB9 /* AudioToolbox.framework */,
				75E1C2421FC571FB0097DDB9 /* AudioUnit.framework */,
				75E1C2411FC571FB0097DDB9 /* CoreAudio.framework */,
			);
			name = Frameworks;
			sourceTree = "<group>";
		};
		75E1C24A1FC5785F0097DDB9 /* AudioTools */ = {
			isa = PBXGroup;
			children = (
				75E1C2601FC578CB0097DDB9 /* WDAudioStreamer.h */,
				75E1C2611FC578CB0097DDB9 /* WDAudioStreamer.m */,
				75E1C2531FC5785F0097DDB9 /* WDAudioSession.h */,
				75E1C24B1FC5785F0097DDB9 /* WDAudioSession.m */,
				75E1C24C1FC5785F0097DDB9 /* WDRecoarderSetting.h */,
				75E1C24E1FC5785F0097DDB9 /* WDAuidoEncoder.m */,
				75E1C24F1FC5785F0097DDB9 /* WDAudioDecoder.h */,
				75E1C2501FC5785F0097DDB9 /* WDAudioPlayerItem.m */,
				75E1C2511FC5785F0097DDB9 /* WDRecoder.h */,
				75E1C2521FC5785F0097DDB9 /* WDRecoarderSetting.m */,
				75E1C2541FC5785F0097DDB9 /* WDAuidoEncoder.h */,
				75E1C24D1FC5785F0097DDB9 /* WDAudioPlayer.h */,
				75E1C2551FC5785F0097DDB9 /* WDAudioPlayer.m */,
				75E1C2561FC5785F0097DDB9 /* WDAudioPlayerItem.h */,
				75E1C2571FC5785F0097DDB9 /* WDAudioDecoder.m */,
				75E1C2581FC5785F0097DDB9 /* WDRecoder.m */,
			);
			path = AudioTools;
			sourceTree = "<group>";
		};
/* End PBXGroup section */

/* Begin PBXNativeTarget section */
		75E1C1FB1FC570640097DDB9 /* AuidoDemo */ = {
			isa = PBXNativeTarget;
			buildConfigurationList = 75E1C2281FC570640097DDB9 /* Build configuration list for PBXNativeTarget "AuidoDemo" */;
			buildPhases = (
				75E1C1F81FC570640097DDB9 /* Sources */,
				75E1C1F91FC570640097DDB9 /* Frameworks */,
				75E1C1FA1FC570640097DDB9 /* Resources */,
			);
			buildRules = (
			);
			dependencies = (
			);
			name = AuidoDemo;
			productName = AuidoDemo;
			productReference = 75E1C1FC1FC570640097DDB9 /* AuidoDemo.app */;
			productType = "com.apple.product-type.application";
		};
		75E1C2131FC570640097DDB9 /* AuidoDemoTests */ = {
			isa = PBXNativeTarget;
			buildConfigurationList = 75E1C22B1FC570640097DDB9 /* Build configuration list for PBXNativeTarget "AuidoDemoTests" */;
			buildPhases = (
				75E1C2101FC570640097DDB9 /* Sources */,
				75E1C2111FC570640097DDB9 /* Frameworks */,
				75E1C2121FC570640097DDB9 /* Resources */,
			);
			buildRules = (
			);
			dependencies = (
				75E1C2161FC570640097DDB9 /* PBXTargetDependency */,
			);
			name = AuidoDemoTests;
			productName = AuidoDemoTests;
			productReference = 75E1C2141FC570640097DDB9 /* AuidoDemoTests.xctest */;
			productType = "com.apple.product-type.bundle.unit-test";
		};
		75E1C21E1FC570640097DDB9 /* AuidoDemoUITests */ = {
			isa = PBXNativeTarget;
			buildConfigurationList = 75E1C22E1FC570640097DDB9 /* Build configuration list for PBXNativeTarget "AuidoDemoUITests" */;
			buildPhases = (
				75E1C21B1FC570640097DDB9 /* Sources */,
				75E1C21C1FC570640097DDB9 /* Frameworks */,
				75E1C21D1FC570640097DDB9 /* Resources */,
			);
			buildRules = (
			);
			dependencies = (
				75E1C2211FC570640097DDB9 /* PBXTargetDependency */,
			);
			name = AuidoDemoUITests;
			productName = AuidoDemoUITests;
			productReference = 75E1C21F1FC570640097DDB9 /* AuidoDemoUITests.xctest */;
			productType = "com.apple.product-type.bundle.ui-testing";
		};
/* End PBXNativeTarget section */

/* Begin PBXProject section */
		75E1C1F41FC570640097DDB9 /* Project object */ = {
			isa = PBXProject;
			attributes = {
				LastUpgradeCheck = 0910;
				ORGANIZATIONNAME = VD;
				TargetAttributes = {
					75E1C1FB1FC570640097DDB9 = {
						CreatedOnToolsVersion = 9.1;
						ProvisioningStyle = Automatic;
					};
					75E1C2131FC570640097DDB9 = {
						CreatedOnToolsVersion = 9.1;
						ProvisioningStyle = Automatic;
						TestTargetID = 75E1C1FB1FC570640097DDB9;
					};
					75E1C21E1FC570640097DDB9 = {
						CreatedOnToolsVersion = 9.1;
						ProvisioningStyle = Automatic;
						TestTargetID = 75E1C1FB1FC570640097DDB9;
					};
				};
			};
			buildConfigurationList = 75E1C1F71FC570640097DDB9 /* Build configuration list for PBXProject "AuidoDemo" */;
			compatibilityVersion = "Xcode 8.0";
			developmentRegion = en;
			hasScannedForEncodings = 0;
			knownRegions = (
				en,
				Base,
			);
			mainGroup = 75E1C1F31FC570640097DDB9;
			productRefGroup = 75E1C1FD1FC570640097DDB9 /* Products */;
			projectDirPath = "";
			projectRoot = "";
			targets = (
				75E1C1FB1FC570640097DDB9 /* AuidoDemo */,
				75E1C2131FC570640097DDB9 /* AuidoDemoTests */,
				75E1C21E1FC570640097DDB9 /* AuidoDemoUITests */,
			);
		};
/* End PBXProject section */

/* Begin PBXResourcesBuildPhase section */
		75E1C1FA1FC570640097DDB9 /* Resources */ = {
			isa = PBXResourcesBuildPhase;
			buildActionMask = 2147483647;
			files = (
				75E1C20C1FC570640097DDB9 /* LaunchScreen.storyboard in Resources */,
				75E1C2091FC570640097DDB9 /* Assets.xcassets in Resources */,
				75E1C2071FC570640097DDB9 /* Main.storyboard in Resources */,
			);
			runOnlyForDeploymentPostprocessing = 0;
		};
		75E1C2121FC570640097DDB9 /* Resources */ = {
			isa = PBXResourcesBuildPhase;
			buildActionMask = 2147483647;
			files = (
			);
			runOnlyForDeploymentPostprocessing = 0;
		};
		75E1C21D1FC570640097DDB9 /* Resources */ = {
			isa = PBXResourcesBuildPhase;
			buildActionMask = 2147483647;
			files = (
			);
			runOnlyForDeploymentPostprocessing = 0;
		};
/* End PBXResourcesBuildPhase section */

/* Begin PBXSourcesBuildPhase section */
		75E1C1F81FC570640097DDB9 /* Sources */ = {
			isa = PBXSourcesBuildPhase;
			buildActionMask = 2147483647;
			files = (
				75E1C25B1FC5785F0097DDB9 /* WDAudioPlayerItem.m in Sources */,
				75E1C25C1FC5785F0097DDB9 /* WDRecoarderSetting.m in Sources */,
				75E1C2591FC5785F0097DDB9 /* WDAudioSession.m in Sources */,
				75E1C2041FC570640097DDB9 /* ViewController.m in Sources */,
				75E1C25F1FC5785F0097DDB9 /* WDRecoder.m in Sources */,
				75E1C2621FC578CB0097DDB9 /* WDAudioStreamer.m in Sources */,
				75E1C20F1FC570640097DDB9 /* main.m in Sources */,
				75E1C2011FC570640097DDB9 /* AppDelegate.m in Sources */,
				75E1C25A1FC5785F0097DDB9 /* WDAuidoEncoder.m in Sources */,
				75E1C25D1FC5785F0097DDB9 /* WDAudioPlayer.m in Sources */,
				75E1C25E1FC5785F0097DDB9 /* WDAudioDecoder.m in Sources */,
			);
			runOnlyForDeploymentPostprocessing = 0;
		};
		75E1C2101FC570640097DDB9 /* Sources */ = {
			isa = PBXSourcesBuildPhase;
			buildActionMask = 2147483647;
			files = (
				75E1C2191FC570640097DDB9 /* AuidoDemoTests.m in Sources */,
			);
			runOnlyForDeploymentPostprocessing = 0;
		};
		75E1C21B1FC570640097DDB9 /* Sources */ = {
			isa = PBXSourcesBuildPhase;
			buildActionMask = 2147483647;
			files = (
				75E1C2241FC570640097DDB9 /* AuidoDemoUITests.m in Sources */,
			);
			runOnlyForDeploymentPostprocessing = 0;
		};
/* End PBXSourcesBuildPhase section */

/* Begin PBXTargetDependency section */
		75E1C2161FC570640097DDB9 /* PBXTargetDependency */ = {
			isa = PBXTargetDependency;
			target = 75E1C1FB1FC570640097DDB9 /* AuidoDemo */;
			targetProxy = 75E1C2151FC570640097DDB9 /* PBXContainerItemProxy */;
		};
		75E1C2211FC570640097DDB9 /* PBXTargetDependency */ = {
			isa = PBXTargetDependency;
			target = 75E1C1FB1FC570640097DDB9 /* AuidoDemo */;
			targetProxy = 75E1C2201FC570640097DDB9 /* PBXContainerItemProxy */;
		};
/* End PBXTargetDependency section */

/* Begin PBXVariantGroup section */
		75E1C2051FC570640097DDB9 /* Main.storyboard */ = {
			isa = PBXVariantGroup;
			children = (
				75E1C2061FC570640097DDB9 /* Base */,
			);
			name = Main.storyboard;
			sourceTree = "<group>";
		};
		75E1C20A1FC570640097DDB9 /* LaunchScreen.storyboard */ = {
			isa = PBXVariantGroup;
			children = (
				75E1C20B1FC570640097DDB9 /* Base */,
			);
			name = LaunchScreen.storyboard;
			sourceTree = "<group>";
		};
/* End PBXVariantGroup section */

/* Begin XCBuildConfiguration section */
		75E1C2261FC570640097DDB9 /* Debug */ = {
			isa = XCBuildConfiguration;
			buildSettings = {
				ALWAYS_SEARCH_USER_PATHS = NO;
				CLANG_ANALYZER_NONNULL = YES;
				CLANG_ANALYZER_NUMBER_OBJECT_CONVERSION = YES_AGGRESSIVE;
				CLANG_CXX_LANGUAGE_STANDARD = "gnu++14";
				CLANG_CXX_LIBRARY = "libc++";
				CLANG_ENABLE_MODULES = YES;
				CLANG_ENABLE_OBJC_ARC = YES;
				CLANG_WARN_BLOCK_CAPTURE_AUTORELEASING = YES;
				CLANG_WARN_BOOL_CONVERSION = YES;
				CLANG_WARN_COMMA = YES;
				CLANG_WARN_CONSTANT_CONVERSION = YES;
				CLANG_WARN_DIRECT_OBJC_ISA_USAGE = YES_ERROR;
				CLANG_WARN_DOCUMENTATION_COMMENTS = YES;
				CLANG_WARN_EMPTY_BODY = YES;
				CLANG_WARN_ENUM_CONVERSION = YES;
				CLANG_WARN_INFINITE_RECURSION = YES;
				CLANG_WARN_INT_CONVERSION = YES;
				CLANG_WARN_NON_LITERAL_NULL_CONVERSION = YES;
				CLANG_WARN_OBJC_LITERAL_CONVERSION = YES;
				CLANG_WARN_OBJC_ROOT_CLASS = YES_ERROR;
				CLANG_WARN_RANGE_LOOP_ANALYSIS = YES;
				CLANG_WARN_STRICT_PROTOTYPES = YES;
				CLANG_WARN_SUSPICIOUS_MOVE = YES;
				CLANG_WARN_UNGUARDED_AVAILABILITY = YES_AGGRESSIVE;
				CLANG_WARN_UNREACHABLE_CODE = YES;
				CLANG_WARN__DUPLICATE_METHOD_MATCH = YES;
				CODE_SIGN_IDENTITY = "iPhone Developer";
				COPY_PHASE_STRIP = NO;
				DEBUG_INFORMATION_FORMAT = dwarf;
				ENABLE_STRICT_OBJC_MSGSEND = YES;
				ENABLE_TESTABILITY = YES;
				GCC_C_LANGUAGE_STANDARD = gnu11;
				GCC_DYNAMIC_NO_PIC = NO;
				GCC_NO_COMMON_BLOCKS = YES;
				GCC_OPTIMIZATION_LEVEL = 0;
				GCC_PREPROCESSOR_DEFINITIONS = (
					"DEBUG=1",
					"$(inherited)",
				);
				GCC_WARN_64_TO_32_BIT_CONVERSION = YES;
				GCC_WARN_ABOUT_RETURN_TYPE = YES_ERROR;
				GCC_WARN_UNDECLARED_SELECTOR = YES;
				GCC_WARN_UNINITIALIZED_AUTOS = YES_AGGRESSIVE;
				GCC_WARN_UNUSED_FUNCTION = YES;
				GCC_WARN_UNUSED_VARIABLE = YES;
				IPHONEOS_DEPLOYMENT_TARGET = 11.1;
				MTL_ENABLE_DEBUG_INFO = YES;
				ONLY_ACTIVE_ARCH = YES;
				SDKROOT = iphoneos;
			};
			name = Debug;
		};
		75E1C2271FC570640097DDB9 /* Release */ = {
			isa = XCBuildConfiguration;
			buildSettings = {
				ALWAYS_SEARCH_USER_PATHS = NO;
				CLANG_ANALYZER_NONNULL = YES;
				CLANG_ANALYZER_NUMBER_OBJECT_CONVERSION = YES_AGGRESSIVE;
				CLANG_CXX_LANGUAGE_STANDARD = "gnu++14";
				CLANG_CXX_LIBRARY = "libc++";
				CLANG_ENABLE_MODULES = YES;
				CLANG_ENABLE_OBJC_ARC = YES;
				CLANG_WARN_BLOCK_CAPTURE_AUTORELEASING = YES;
				CLANG_WARN_BOOL_CONVERSION = YES;
				CLANG_WARN_COMMA = YES;
				CLANG_WARN_CONSTANT_CONVERSION = YES;
				CLANG_WARN_DIRECT_OBJC_ISA_USAGE = YES_ERROR;
				CLANG_WARN_DOCUMENTATION_COMMENTS = YES;
				CLANG_WARN_EMPTY_BODY = YES;
				CLANG_WARN_ENUM_CONVERSION = YES;
				CLANG_WARN_INFINITE_RECURSION = YES;
				CLANG_WARN_INT_CONVERSION = YES;
				CLANG_WARN_NON_LITERAL_NULL_CONVERSION = YES;
				CLANG_WARN_OBJC_LITERAL_CONVERSION = YES;
				CLANG_WARN_OBJC_ROOT_CLASS = YES_ERROR;
				CLANG_WARN_RANGE_LOOP_ANALYSIS = YES;
				CLANG_WARN_STRICT_PROTOTYPES = YES;
				CLANG_WARN_SUSPICIOUS_MOVE = YES;
				CLANG_WARN_UNGUARDED_AVAILABILITY = YES_AGGRESSIVE;
				CLANG_WARN_UNREACHABLE_CODE = YES;
				CLANG_WARN__DUPLICATE_METHOD_MATCH = YES;
				CODE_SIGN_IDENTITY = "iPhone Developer";
				COPY_PHASE_STRIP = NO;
				DEBUG_INFORMATION_FORMAT = "dwarf-with-dsym";
				ENABLE_NS_ASSERTIONS = NO;
				ENABLE_STRICT_OBJC_MSGSEND = YES;
				GCC_C_LANGUAGE_STANDARD = gnu11;
				GCC_NO_COMMON_BLOCKS = YES;
				GCC_WARN_64_TO_32_BIT_CONVERSION = YES;
				GCC_WARN_ABOUT_RETURN_TYPE = YES_ERROR;
				GCC_WARN_UNDECLARED_SELECTOR = YES;
				GCC_WARN_UNINITIALIZED_AUTOS = YES_AGGRESSIVE;
				GCC_WARN_UNUSED_FUNCTION = YES;
				GCC_WARN_UNUSED_VARIABLE = YES;
				IPHONEOS_DEPLOYMENT_TARGET = 11.1;
				MTL_ENABLE_DEBUG_INFO = NO;
				SDKROOT = iphoneos;
				VALIDATE_PRODUCT = YES;
			};
			name = Release;
		};
		75E1C2291FC570640097DDB9 /* Debug */ = {
			isa = XCBuildConfiguration;
			buildSettings = {
				ASSETCATALOG_COMPILER_APPICON_NAME = AppIcon;
				CODE_SIGN_STYLE = Automatic;
				INFOPLIST_FILE = AuidoDemo/Info.plist;
				LD_RUNPATH_SEARCH_PATHS = "$(inherited) @executable_path/Frameworks";
				PRODUCT_BUNDLE_IDENTIFIER = com.kdyz.AuidoDemo;
				PRODUCT_NAME = "$(TARGET_NAME)";
				TARGETED_DEVICE_FAMILY = "1,2";
			};
			name = Debug;
		};
		75E1C22A1FC570640097DDB9 /* Release */ = {
			isa = XCBuildConfiguration;
			buildSettings = {
				ASSETCATALOG_COMPILER_APPICON_NAME = AppIcon;
				CODE_SIGN_STYLE = Automatic;
				INFOPLIST_FILE = AuidoDemo/Info.plist;
				LD_RUNPATH_SEARCH_PATHS = "$(inherited) @executable_path/Frameworks";
				PRODUCT_BUNDLE_IDENTIFIER = com.kdyz.AuidoDemo;
				PRODUCT_NAME = "$(TARGET_NAME)";
				TARGETED_DEVICE_FAMILY = "1,2";
			};
			name = Release;
		};
		75E1C22C1FC570640097DDB9 /* Debug */ = {
			isa = XCBuildConfiguration;
			buildSettings = {
				BUNDLE_LOADER = "$(TEST_HOST)";
				CODE_SIGN_STYLE = Automatic;
				INFOPLIST_FILE = AuidoDemoTests/Info.plist;
				LD_RUNPATH_SEARCH_PATHS = "$(inherited) @executable_path/Frameworks @loader_path/Frameworks";
				PRODUCT_BUNDLE_IDENTIFIER = com.kdyz.AuidoDemoTests;
				PRODUCT_NAME = "$(TARGET_NAME)";
				TARGETED_DEVICE_FAMILY = "1,2";
				TEST_HOST = "$(BUILT_PRODUCTS_DIR)/AuidoDemo.app/AuidoDemo";
			};
			name = Debug;
		};
		75E1C22D1FC570640097DDB9 /* Release */ = {
			isa = XCBuildConfiguration;
			buildSettings = {
				BUNDLE_LOADER = "$(TEST_HOST)";
				CODE_SIGN_STYLE = Automatic;
				INFOPLIST_FILE = AuidoDemoTests/Info.plist;
				LD_RUNPATH_SEARCH_PATHS = "$(inherited) @executable_path/Frameworks @loader_path/Frameworks";
				PRODUCT_BUNDLE_IDENTIFIER = com.kdyz.AuidoDemoTests;
				PRODUCT_NAME = "$(TARGET_NAME)";
				TARGETED_DEVICE_FAMILY = "1,2";
				TEST_HOST = "$(BUILT_PRODUCTS_DIR)/AuidoDemo.app/AuidoDemo";
			};
			name = Release;
		};
		75E1C22F1FC570640097DDB9 /* Debug */ = {
			isa = XCBuildConfiguration;
			buildSettings = {
				CODE_SIGN_STYLE = Automatic;
				INFOPLIST_FILE = AuidoDemoUITests/Info.plist;
				LD_RUNPATH_SEARCH_PATHS = "$(inherited) @executable_path/Frameworks @loader_path/Frameworks";
				PRODUCT_BUNDLE_IDENTIFIER = com.kdyz.AuidoDemoUITests;
				PRODUCT_NAME = "$(TARGET_NAME)";
				TARGETED_DEVICE_FAMILY = "1,2";
				TEST_TARGET_NAME = AuidoDemo;
			};
			name = Debug;
		};
		75E1C2301FC570640097DDB9 /* Release */ = {
			isa = XCBuildConfiguration;
			buildSettings = {
				CODE_SIGN_STYLE = Automatic;
				INFOPLIST_FILE = AuidoDemoUITests/Info.plist;
				LD_RUNPATH_SEARCH_PATHS = "$(inherited) @executable_path/Frameworks @loader_path/Frameworks";
				PRODUCT_BUNDLE_IDENTIFIER = com.kdyz.AuidoDemoUITests;
				PRODUCT_NAME = "$(TARGET_NAME)";
				TARGETED_DEVICE_FAMILY = "1,2";
				TEST_TARGET_NAME = AuidoDemo;
			};
			name = Release;
		};
/* End XCBuildConfiguration section */

/* Begin XCConfigurationList section */
		75E1C1F71FC570640097DDB9 /* Build configuration list for PBXProject "AuidoDemo" */ = {
			isa = XCConfigurationList;
			buildConfigurations = (
				75E1C2261FC570640097DDB9 /* Debug */,
				75E1C2271FC570640097DDB9 /* Release */,
			);
			defaultConfigurationIsVisible = 0;
			defaultConfigurationName = Release;
		};
		75E1C2281FC570640097DDB9 /* Build configuration list for PBXNativeTarget "AuidoDemo" */ = {
			isa = XCConfigurationList;
			buildConfigurations = (
				75E1C2291FC570640097DDB9 /* Debug */,
				75E1C22A1FC570640097DDB9 /* Release */,
			);
			defaultConfigurationIsVisible = 0;
			defaultConfigurationName = Release;
		};
		75E1C22B1FC570640097DDB9 /* Build configuration list for PBXNativeTarget "AuidoDemoTests" */ = {
			isa = XCConfigurationList;
			buildConfigurations = (
				75E1C22C1FC570640097DDB9 /* Debug */,
				75E1C22D1FC570640097DDB9 /* Release */,
			);
			defaultConfigurationIsVisible = 0;
			defaultConfigurationName = Release;
		};
		75E1C22E1FC570640097DDB9 /* Build configuration list for PBXNativeTarget "AuidoDemoUITests" */ = {
			isa = XCConfigurationList;
			buildConfigurations = (
				75E1C22F1FC570640097DDB9 /* Debug */,
				75E1C2301FC570640097DDB9 /* Release */,
			);
			defaultConfigurationIsVisible = 0;
			defaultConfigurationName = Release;
		};
/* End XCConfigurationList section */
	};
	rootObject = 75E1C1F41FC570640097DDB9 /* Project object */;
}
